
Microsoft Visual Studio Solution File, Format Version 12.00
# Visual Studio 2012
Project("{FAE04EC0-301F-11D3-BF4B-00C04F79EFBC}") = "NameSorter", "NameSorter\NameSorter.csproj", "{36280C84-62EC-4502-9F67-1BB2E0D9A881}"
EndProject
Project("{FAE04EC0-301F-11D3-BF4B-00C04F79EFBC}") = "NameSorterTests", "NameSorterTests\NameSorterTests.csproj", "{9C5C9191-3A68-4A24-8CA6-A082A9ED1E81}"
EndProject
Global
	GlobalSection(SolutionConfigurationPlatforms) = preSolution
		Debug|Any CPU = Debug|Any CPU
		Release|Any CPU = Release|Any CPU
	EndGlobalSection
	GlobalSection(ProjectConfigurationPlatforms) = postSolution
		{36280C84-62EC-4502-9F67-1BB2E0D9A881}.Debug|Any CPU.ActiveCfg = Debug|Any CPU
		{36280C84-62EC-4502-9F67-1BB2E0D9A881}.Debug|Any CPU.Build.0 = Debug|Any CPU
		{36280C84-62EC-4502-9F67-1BB2E0D9A881}.Release|Any CPU.ActiveCfg = Release|Any CPU
		{36280C84-62EC-4502-9F67-1BB2E0D9A881}.Release|Any CPU.Build.0 = Release|Any CPU
		{9C5C9191-3A68-4A24-8CA6-A082A9ED1E81}.Debug|Any CPU.ActiveCfg = Debug|Any CPU
		{9C5C9191-3A68-4A24-8CA6-A082A9ED1E81}.Debug|Any CPU.Build.0 = Debug|Any CPU
		{9C5C9191-3A68-4A24-8CA6-A082A9ED1E81}.Release|Any CPU.ActiveCfg = Release|Any CPU
		{9C5C9191-3A68-4A24-8CA6-A082A9ED1E81}.Release|Any CPU.Build.0 = Release|Any CPU
	EndGlobalSection
EndGlobal
